
Microsoft Visual Studio Solution File, Format Version 12.00
Project("{FAE04EC0-301F-11D3-BF4B-00C04F79EFBC}") = "PDFMaker", "PDFMaker\PDFMaker.csproj", "{17FF0808-D94E-4C3F-9937-6DD1175813BC}"
EndProject
Project("{FAE04EC0-301F-11D3-BF4B-00C04F79EFBC}") = "Data", "Data\Data.csproj", "{45D534C0-A085-40F7-97E8-29AB1FD5F8AD}"
EndProject
Project("{FAE04EC0-301F-11D3-BF4B-00C04F79EFBC}") = "Invoicify.Client", "Invoicify.Client\Invoicify.Client.csproj", "{0FD6760A-F099-4233-B5DE-99CE10C09A52}"
EndProject
Project("{FAE04EC0-301F-11D3-BF4B-00C04F79EFBC}") = "Invoicify.Server", "Invoicify.Server\Invoicify.Server.csproj", "{FB64FF4A-A1B4-4FF5-BD03-D5B5E8CDD03A}"
EndProject
Project("{FAE04EC0-301F-11D3-BF4B-00C04F79EFBC}") = "FileGenerator", "FileGenerator\FileGenerator.csproj", "{440DAA1E-7287-4A90-8BE4-F91ADCF79CE1}"
EndProject
Global
	GlobalSection(SolutionConfigurationPlatforms) = preSolution
		Debug|Any CPU = Debug|Any CPU
		Release|Any CPU = Release|Any CPU
	EndGlobalSection
	GlobalSection(ProjectConfigurationPlatforms) = postSolution
		{17FF0808-D94E-4C3F-9937-6DD1175813BC}.Debug|Any CPU.ActiveCfg = Debug|Any CPU
		{17FF0808-D94E-4C3F-9937-6DD1175813BC}.Debug|Any CPU.Build.0 = Debug|Any CPU
		{17FF0808-D94E-4C3F-9937-6DD1175813BC}.Release|Any CPU.ActiveCfg = Release|Any CPU
		{17FF0808-D94E-4C3F-9937-6DD1175813BC}.Release|Any CPU.Build.0 = Release|Any CPU
		{45D534C0-A085-40F7-97E8-29AB1FD5F8AD}.Debug|Any CPU.ActiveCfg = Debug|Any CPU
		{45D534C0-A085-40F7-97E8-29AB1FD5F8AD}.Debug|Any CPU.Build.0 = Debug|Any CPU
		{45D534C0-A085-40F7-97E8-29AB1FD5F8AD}.Release|Any CPU.ActiveCfg = Release|Any CPU
		{45D534C0-A085-40F7-97E8-29AB1FD5F8AD}.Release|Any CPU.Build.0 = Release|Any CPU
		{0FD6760A-F099-4233-B5DE-99CE10C09A52}.Debug|Any CPU.ActiveCfg = Debug|Any CPU
		{0FD6760A-F099-4233-B5DE-99CE10C09A52}.Debug|Any CPU.Build.0 = Debug|Any CPU
		{0FD6760A-F099-4233-B5DE-99CE10C09A52}.Release|Any CPU.ActiveCfg = Release|Any CPU
		{0FD6760A-F099-4233-B5DE-99CE10C09A52}.Release|Any CPU.Build.0 = Release|Any CPU
		{FB64FF4A-A1B4-4FF5-BD03-D5B5E8CDD03A}.Debug|Any CPU.ActiveCfg = Debug|Any CPU
		{FB64FF4A-A1B4-4FF5-BD03-D5B5E8CDD03A}.Debug|Any CPU.Build.0 = Debug|Any CPU
		{FB64FF4A-A1B4-4FF5-BD03-D5B5E8CDD03A}.Release|Any CPU.ActiveCfg = Release|Any CPU
		{FB64FF4A-A1B4-4FF5-BD03-D5B5E8CDD03A}.Release|Any CPU.Build.0 = Release|Any CPU
		{440DAA1E-7287-4A90-8BE4-F91ADCF79CE1}.Debug|Any CPU.ActiveCfg = Debug|Any CPU
		{440DAA1E-7287-4A90-8BE4-F91ADCF79CE1}.Debug|Any CPU.Build.0 = Debug|Any CPU
		{440DAA1E-7287-4A90-8BE4-F91ADCF79CE1}.Release|Any CPU.ActiveCfg = Release|Any CPU
		{440DAA1E-7287-4A90-8BE4-F91ADCF79CE1}.Release|Any CPU.Build.0 = Release|Any CPU
	EndGlobalSection
EndGlobal
